
Microsoft Visual Studio Solution File, Format Version 12.00
# Visual Studio 15
VisualStudioVersion = 15.0.26720.2
MinimumVisualStudioVersion = 10.0.40219.1
Project("{9A19103F-16F7-4668-BE54-9A1E7A4F7556}") = "reactreduxcore", "reactreduxcore.csproj", "{935D8FEF-CE1C-4C72-AB4C-3DDA41810A64}"
EndProject
Global
	GlobalSection(SolutionConfigurationPlatforms) = preSolution
		Debug|Any CPU = Debug|Any CPU
		Release|Any CPU = Release|Any CPU
	EndGlobalSection
	GlobalSection(ProjectConfigurationPlatforms) = postSolution
		{935D8FEF-CE1C-4C72-AB4C-3DDA41810A64}.Debug|Any CPU.ActiveCfg = Debug|Any CPU
		{935D8FEF-CE1C-4C72-AB4C-3DDA41810A64}.Debug|Any CPU.Build.0 = Debug|Any CPU
		{935D8FEF-CE1C-4C72-AB4C-3DDA41810A64}.Release|Any CPU.ActiveCfg = Release|Any CPU
		{935D8FEF-CE1C-4C72-AB4C-3DDA41810A64}.Release|Any CPU.Build.0 = Release|Any CPU
	EndGlobalSection
	GlobalSection(SolutionProperties) = preSolution
		HideSolutionNode = FALSE
	EndGlobalSection
	GlobalSection(ExtensibilityGlobals) = postSolution
		SolutionGuid = {E72E0338-C2C8-4F32-81F9-23C9EA205AD4}
	EndGlobalSection
EndGlobal
